
Microsoft Visual Studio Solution File, Format Version 12.00
# Visual Studio 15
VisualStudioVersion = 15.0.28307.1525
MinimumVisualStudioVersion = 10.0.40219.1
Project("{FAE04EC0-301F-11D3-BF4B-00C04F79EFBC}") = "PdfWaterMark", "PdfWaterMark\PdfWaterMark.csproj", "{B0E0E7C5-DBD5-403D-9A01-BB05C8E78F5B}"
EndProject
Project("{FAE04EC0-301F-11D3-BF4B-00C04F79EFBC}") = "UnitTestProject", "UnitTestProject\UnitTestProject.csproj", "{3EAE2E41-4EA8-455C-B291-E83EC50B4B59}"
	ProjectSection(ProjectDependencies) = postProject
		{B0E0E7C5-DBD5-403D-9A01-BB05C8E78F5B} = {B0E0E7C5-DBD5-403D-9A01-BB05C8E78F5B}
	EndProjectSection
EndProject
Global
	GlobalSection(SolutionConfigurationPlatforms) = preSolution
		Debug|Any CPU = Debug|Any CPU
		Release|Any CPU = Release|Any CPU
	EndGlobalSection
	GlobalSection(ProjectConfigurationPlatforms) = postSolution
		{B0E0E7C5-DBD5-403D-9A01-BB05C8E78F5B}.Debug|Any CPU.ActiveCfg = Debug|Any CPU
		{B0E0E7C5-DBD5-403D-9A01-BB05C8E78F5B}.Debug|Any CPU.Build.0 = Debug|Any CPU
		{B0E0E7C5-DBD5-403D-9A01-BB05C8E78F5B}.Release|Any CPU.ActiveCfg = Release|Any CPU
		{B0E0E7C5-DBD5-403D-9A01-BB05C8E78F5B}.Release|Any CPU.Build.0 = Release|Any CPU
		{3EAE2E41-4EA8-455C-B291-E83EC50B4B59}.Debug|Any CPU.ActiveCfg = Debug|Any CPU
		{3EAE2E41-4EA8-455C-B291-E83EC50B4B59}.Debug|Any CPU.Build.0 = Debug|Any CPU
		{3EAE2E41-4EA8-455C-B291-E83EC50B4B59}.Release|Any CPU.ActiveCfg = Release|Any CPU
		{3EAE2E41-4EA8-455C-B291-E83EC50B4B59}.Release|Any CPU.Build.0 = Release|Any CPU
	EndGlobalSection
	GlobalSection(SolutionProperties) = preSolution
		HideSolutionNode = FALSE
	EndGlobalSection
	GlobalSection(ExtensibilityGlobals) = postSolution
		SolutionGuid = {A4CA68DA-CB95-4ED1-BD78-E85CE5E00267}
	EndGlobalSection
EndGlobal
